<?xml version="1.0" encoding="utf-8"?>
<Project ToolsVersion="4.0" xmlns="http://schemas.microsoft.com/developer/msbuild/2003">
  <ItemGroup>
    <Filter Include="Source Files">
      <UniqueIdentifier>{4FC737F1-C7A5-4376-A066-2A32D752A2FF}</UniqueIdentifier>
      <Extensions>qml;cpp;c;cc;cxx;def;odl;idl;hpj;bat;asm;asmx</Extensions>
    </Filter>
    <Filter Include="Header Files">
      <UniqueIdentifier>{93995380-89BD-4b04-88EB-625FBE52EBFB}</UniqueIdentifier>
      <Extensions>h;hh;hpp;hxx;hm;inl;inc;xsd</Extensions>
    </Filter>
    <Filter Include="Resource Files">
      <UniqueIdentifier>{67DA6AB6-F800-4c08-8B7A-83BB121AAD01}</UniqueIdentifier>
      <Extensions>qrc;rc;ico;cur;bmp;dlg;rc2;rct;bin;rgs;gif;jpg;jpeg;jpe;resx;tiff;tif;png;wav;mfcribbon-ms</Extensions>
    </Filter>
    <Filter Include="Form Files">
      <UniqueIdentifier>{99349809-55BA-4b9d-BF79-8FDBB0286EB3}</UniqueIdentifier>
      <Extensions>ui</Extensions>
    </Filter>
    <Filter Include="Translation Files">
      <UniqueIdentifier>{639EADAA-A684-42e4-A9AD-28FC9BCB8F7C}</UniqueIdentifier>
      <Extensions>ts</Extensions>
    </Filter>
    <Filter Include="Text Files">
      <UniqueIdentifier>{c487f172-d59c-4156-ac94-99ada4942e55}</UniqueIdentifier>
    </Filter>
    <Filter Include="Header Files\User">
      <UniqueIdentifier>{4dece97f-68f7-4a74-8d60-ae9d36ecb8cf}</UniqueIdentifier>
    </Filter>
    <Filter Include="Source Files\User">
      <UniqueIdentifier>{f30b1c36-977f-4f92-9b70-6e443f557b12}</UniqueIdentifier>
    </Filter>
    <Filter Include="Header Files\System">
      <UniqueIdentifier>{762e1868-74e2-4925-92b9-1a594cc2295e}</UniqueIdentifier>
    </Filter>
    <Filter Include="Header Files\Keeper">
      <UniqueIdentifier>{7ee04bec-5a3f-4350-ad5a-496c48e5e464}</UniqueIdentifier>
    </Filter>
    <Filter Include="Source Files\Keeper">
      <UniqueIdentifier>{a1032b55-0d44-4f85-a288-f47c4cf69cd8}</UniqueIdentifier>
    </Filter>
    <Filter Include="Source Files\System">
      <UniqueIdentifier>{4e696322-6c42-4adf-850b-f12d4c46d0ea}</UniqueIdentifier>
    </Filter>
  </ItemGroup>
  <ItemGroup>
    <QtRcc Include="Registration.qrc">
      <Filter>Resource Files</Filter>
    </QtRcc>
    <QtUic Include="Registration.ui">
      <Filter>Form Files</Filter>
    </QtUic>
  </ItemGroup>
  <ItemGroup>
    <ClCompile Include="main.cpp">
      <Filter>Source Files</Filter>
    </ClCompile>
    <ClCompile Include="RegisterUser.cpp">
      <Filter>Source Files\User</Filter>
    </ClCompile>
    <ClCompile Include="Registration.cpp">
      <Filter>Source Files\User</Filter>
    </ClCompile>
    <ClCompile Include="UserCabinet.cpp">
      <Filter>Source Files\User</Filter>
    </ClCompile>
    <ClCompile Include="Record.cpp">
      <Filter>Source Files\Keeper</Filter>
    </ClCompile>
    <ClCompile Include="Database.cpp">
      <Filter>Source Files\System</Filter>
    </ClCompile>
    <ClCompile Include="Functions.cpp">
      <Filter>Source Files\System</Filter>
    </ClCompile>
    <ClCompile Include="WarningMessage.cpp">
      <Filter>Source Files\System</Filter>
    </ClCompile>
    <ClCompile Include="ModifyRecord.cpp">
      <Filter>Source Files</Filter>
    </ClCompile>
  </ItemGroup>
  <ItemGroup>
    <ClInclude Include="Libraries.hpp">
      <Filter>Header Files</Filter>
    </ClInclude>
    <ClInclude Include="Database.hpp">
      <Filter>Header Files\System</Filter>
    </ClInclude>
    <ClInclude Include="Enums.hpp">
      <Filter>Header Files\System</Filter>
    </ClInclude>
    <ClInclude Include="Functions.hpp">
      <Filter>Header Files\System</Filter>
    </ClInclude>
  </ItemGroup>
  <ItemGroup>
    <Text Include="DBSI.txt">
      <Filter>Text Files</Filter>
    </Text>
  </ItemGroup>
  <ItemGroup>
    <QtMoc Include="RegisterUser.hpp">
      <Filter>Header Files\User</Filter>
    </QtMoc>
    <QtMoc Include="Registration.hpp">
      <Filter>Header Files\User</Filter>
    </QtMoc>
    <QtMoc Include="UserCabinet.hpp">
      <Filter>Header Files\User</Filter>
    </QtMoc>
    <QtMoc Include="WarningMessage.hpp">
      <Filter>Header Files\System</Filter>
    </QtMoc>
    <QtMoc Include="Record.hpp">
      <Filter>Header Files\Keeper</Filter>
    </QtMoc>
    <QtMoc Include="ModifyRecord.hpp">
      <Filter>Header Files</Filter>
    </QtMoc>
  </ItemGroup>
  <ItemGroup>
    <QtUic Include="WarningMessage.ui">
      <Filter>Form Files</Filter>
    </QtUic>
    <QtUic Include="RegisterUser.ui">
      <Filter>Form Files</Filter>
    </QtUic>
    <QtUic Include="UserCabinet.ui">
      <Filter>Form Files</Filter>
    </QtUic>
    <QtUic Include="Record.ui">
      <Filter>Form Files</Filter>
    </QtUic>
    <QtUic Include="ModifyRecord.ui">
      <Filter>Form Files</Filter>
    </QtUic>
  </ItemGroup>
</Project>